// !$*UTF8*$!
{
	archiveVersion = 1;
	classes = {
	};
	objectVersion = 46;
	objects = {

/* Begin PBXBuildFile section */
		10CC5C5D46A68B556B03EB96 /* libPods-FOXExtension.a in Frameworks */ = {isa = PBXBuildFile; fileRef = 0325AE4CE4FAA84405AB7F5F /* libPods-FOXExtension.a */; };
		B80752EA1D421E6D00A80949 /* FOXExtension.h in Headers */ = {isa = PBXBuildFile; fileRef = B80752E81D421E6D00A80949 /* FOXExtension.h */; settings = {ATTRIBUTES = (Public, ); }; };
		B81B88E81D46188400A62C59 /* FOXExtension.h in Headers */ = {isa = PBXBuildFile; fileRef = B80752E81D421E6D00A80949 /* FOXExtension.h */; settings = {ATTRIBUTES = (Public, ); }; };
		B83571801D5DB54F00EB528B /* CYZAdCommon.framework in Frameworks */ = {isa = PBXBuildFile; fileRef = B835717D1D5DB54F00EB528B /* CYZAdCommon.framework */; };
		B83571811D5DB54F00EB528B /* CYZUtil.framework in Frameworks */ = {isa = PBXBuildFile; fileRef = B835717E1D5DB54F00EB528B /* CYZUtil.framework */; };
		B83571821D5DB54F00EB528B /* FOXSDK.framework in Frameworks */ = {isa = PBXBuildFile; fileRef = B835717F1D5DB54F00EB528B /* FOXSDK.framework */; };
		B86FA1031D586D3100CAF4AF /* FOXExtensionBaseEvent.h in Headers */ = {isa = PBXBuildFile; fileRef = B86FA0EE1D586D3100CAF4AF /* FOXExtensionBaseEvent.h */; settings = {ATTRIBUTES = (Public, ); }; };
		B86FA1041D586D3100CAF4AF /* FOXExtensionBaseEvent.h in Headers */ = {isa = PBXBuildFile; fileRef = B86FA0EE1D586D3100CAF4AF /* FOXExtensionBaseEvent.h */; settings = {ATTRIBUTES = (Public, ); }; };
		B86FA1051D586D3100CAF4AF /* FOXExtensionBaseEvent.m in Sources */ = {isa = PBXBuildFile; fileRef = B86FA0EF1D586D3100CAF4AF /* FOXExtensionBaseEvent.m */; };
		B86FA1061D586D3100CAF4AF /* FOXExtensionBaseEvent.m in Sources */ = {isa = PBXBuildFile; fileRef = B86FA0EF1D586D3100CAF4AF /* FOXExtensionBaseEvent.m */; };
		B86FA1071D586D3100CAF4AF /* FOXExtensionProtocols.h in Headers */ = {isa = PBXBuildFile; fileRef = B86FA0F01D586D3100CAF4AF /* FOXExtensionProtocols.h */; settings = {ATTRIBUTES = (Public, ); }; };
		B86FA1081D586D3100CAF4AF /* FOXExtensionProtocols.h in Headers */ = {isa = PBXBuildFile; fileRef = B86FA0F01D586D3100CAF4AF /* FOXExtensionProtocols.h */; settings = {ATTRIBUTES = (Public, ); }; };
		B86FA1091D586D3100CAF4AF /* FOXAddToCartEvent.h in Headers */ = {isa = PBXBuildFile; fileRef = B86FA0F11D586D3100CAF4AF /* FOXAddToCartEvent.h */; settings = {ATTRIBUTES = (Public, ); }; };
		B86FA10A1D586D3100CAF4AF /* FOXAddToCartEvent.h in Headers */ = {isa = PBXBuildFile; fileRef = B86FA0F11D586D3100CAF4AF /* FOXAddToCartEvent.h */; settings = {ATTRIBUTES = (Public, ); }; };
		B86FA10B1D586D3100CAF4AF /* FOXAddToCartEvent.m in Sources */ = {isa = PBXBuildFile; fileRef = B86FA0F21D586D3100CAF4AF /* FOXAddToCartEvent.m */; };
		B86FA10C1D586D3100CAF4AF /* FOXAddToCartEvent.m in Sources */ = {isa = PBXBuildFile; fileRef = B86FA0F21D586D3100CAF4AF /* FOXAddToCartEvent.m */; };
		B86FA10D1D586D3100CAF4AF /* FOXLevelAchievedEvent.h in Headers */ = {isa = PBXBuildFile; fileRef = B86FA0F31D586D3100CAF4AF /* FOXLevelAchievedEvent.h */; settings = {ATTRIBUTES = (Public, ); }; };
		B86FA10E1D586D3100CAF4AF /* FOXLevelAchievedEvent.h in Headers */ = {isa = PBXBuildFile; fileRef = B86FA0F31D586D3100CAF4AF /* FOXLevelAchievedEvent.h */; settings = {ATTRIBUTES = (Public, ); }; };
		B86FA10F1D586D3100CAF4AF /* FOXLevelAchievedEvent.m in Sources */ = {isa = PBXBuildFile; fileRef = B86FA0F41D586D3100CAF4AF /* FOXLevelAchievedEvent.m */; };
		B86FA1101D586D3100CAF4AF /* FOXLevelAchievedEvent.m in Sources */ = {isa = PBXBuildFile; fileRef = B86FA0F41D586D3100CAF4AF /* FOXLevelAchievedEvent.m */; };
		B86FA1111D586D3100CAF4AF /* FOXPurchaseEvent.h in Headers */ = {isa = PBXBuildFile; fileRef = B86FA0F51D586D3100CAF4AF /* FOXPurchaseEvent.h */; settings = {ATTRIBUTES = (Public, ); }; };
		B86FA1121D586D3100CAF4AF /* FOXPurchaseEvent.h in Headers */ = {isa = PBXBuildFile; fileRef = B86FA0F51D586D3100CAF4AF /* FOXPurchaseEvent.h */; settings = {ATTRIBUTES = (Public, ); }; };
		B86FA1131D586D3100CAF4AF /* FOXPurchaseEvent.m in Sources */ = {isa = PBXBuildFile; fileRef = B86FA0F61D586D3100CAF4AF /* FOXPurchaseEvent.m */; };
		B86FA1141D586D3100CAF4AF /* FOXPurchaseEvent.m in Sources */ = {isa = PBXBuildFile; fileRef = B86FA0F61D586D3100CAF4AF /* FOXPurchaseEvent.m */; };
		B86FA1151D586D3100CAF4AF /* FOXSearchEvent.h in Headers */ = {isa = PBXBuildFile; fileRef = B86FA0F71D586D3100CAF4AF /* FOXSearchEvent.h */; settings = {ATTRIBUTES = (Public, ); }; };
		B86FA1161D586D3100CAF4AF /* FOXSearchEvent.h in Headers */ = {isa = PBXBuildFile; fileRef = B86FA0F71D586D3100CAF4AF /* FOXSearchEvent.h */; settings = {ATTRIBUTES = (Public, ); }; };
		B86FA1171D586D3100CAF4AF /* FOXSearchEvent.m in Sources */ = {isa = PBXBuildFile; fileRef = B86FA0F81D586D3100CAF4AF /* FOXSearchEvent.m */; };
		B86FA1181D586D3100CAF4AF /* FOXSearchEvent.m in Sources */ = {isa = PBXBuildFile; fileRef = B86FA0F81D586D3100CAF4AF /* FOXSearchEvent.m */; };
		B86FA1191D586D3100CAF4AF /* FOXTutorialEvent.h in Headers */ = {isa = PBXBuildFile; fileRef = B86FA0F91D586D3100CAF4AF /* FOXTutorialEvent.h */; settings = {ATTRIBUTES = (Public, ); }; };
		B86FA11A1D586D3100CAF4AF /* FOXTutorialEvent.h in Headers */ = {isa = PBXBuildFile; fileRef = B86FA0F91D586D3100CAF4AF /* FOXTutorialEvent.h */; settings = {ATTRIBUTES = (Public, ); }; };
		B86FA11B1D586D3100CAF4AF /* FOXTutorialEvent.m in Sources */ = {isa = PBXBuildFile; fileRef = B86FA0FA1D586D3100CAF4AF /* FOXTutorialEvent.m */; };
		B86FA11C1D586D3100CAF4AF /* FOXTutorialEvent.m in Sources */ = {isa = PBXBuildFile; fileRef = B86FA0FA1D586D3100CAF4AF /* FOXTutorialEvent.m */; };
		B86FA11D1D586D3100CAF4AF /* FOXViewCategoryEvent.h in Headers */ = {isa = PBXBuildFile; fileRef = B86FA0FB1D586D3100CAF4AF /* FOXViewCategoryEvent.h */; settings = {ATTRIBUTES = (Public, ); }; };
		B86FA11E1D586D3100CAF4AF /* FOXViewCategoryEvent.h in Headers */ = {isa = PBXBuildFile; fileRef = B86FA0FB1D586D3100CAF4AF /* FOXViewCategoryEvent.h */; settings = {ATTRIBUTES = (Public, ); }; };
		B86FA11F1D586D3100CAF4AF /* FOXViewCategoryEvent.m in Sources */ = {isa = PBXBuildFile; fileRef = B86FA0FC1D586D3100CAF4AF /* FOXViewCategoryEvent.m */; };
		B86FA1201D586D3100CAF4AF /* FOXViewCategoryEvent.m in Sources */ = {isa = PBXBuildFile; fileRef = B86FA0FC1D586D3100CAF4AF /* FOXViewCategoryEvent.m */; };
		B86FA1211D586D3100CAF4AF /* FOXViewContentEvent.h in Headers */ = {isa = PBXBuildFile; fileRef = B86FA0FD1D586D3100CAF4AF /* FOXViewContentEvent.h */; settings = {ATTRIBUTES = (Public, ); }; };
		B86FA1221D586D3100CAF4AF /* FOXViewContentEvent.h in Headers */ = {isa = PBXBuildFile; fileRef = B86FA0FD1D586D3100CAF4AF /* FOXViewContentEvent.h */; settings = {ATTRIBUTES = (Public, ); }; };
		B86FA1231D586D3100CAF4AF /* FOXViewContentEvent.m in Sources */ = {isa = PBXBuildFile; fileRef = B86FA0FE1D586D3100CAF4AF /* FOXViewContentEvent.m */; };
		B86FA1241D586D3100CAF4AF /* FOXViewContentEvent.m in Sources */ = {isa = PBXBuildFile; fileRef = B86FA0FE1D586D3100CAF4AF /* FOXViewContentEvent.m */; };
		B86FA1251D586D3100CAF4AF /* FOXViewListingEvent.h in Headers */ = {isa = PBXBuildFile; fileRef = B86FA0FF1D586D3100CAF4AF /* FOXViewListingEvent.h */; settings = {ATTRIBUTES = (Public, ); }; };
		B86FA1261D586D3100CAF4AF /* FOXViewListingEvent.h in Headers */ = {isa = PBXBuildFile; fileRef = B86FA0FF1D586D3100CAF4AF /* FOXViewListingEvent.h */; settings = {ATTRIBUTES = (Public, ); }; };
		B86FA1271D586D3100CAF4AF /* FOXViewListingEvent.m in Sources */ = {isa = PBXBuildFile; fileRef = B86FA1001D586D3100CAF4AF /* FOXViewListingEvent.m */; };
		B86FA1281D586D3100CAF4AF /* FOXViewListingEvent.m in Sources */ = {isa = PBXBuildFile; fileRef = B86FA1001D586D3100CAF4AF /* FOXViewListingEvent.m */; };
		B86FA1291D586D3100CAF4AF /* FOXViewToppageEvent.h in Headers */ = {isa = PBXBuildFile; fileRef = B86FA1011D586D3100CAF4AF /* FOXViewToppageEvent.h */; settings = {ATTRIBUTES = (Public, ); }; };
		B86FA12A1D586D3100CAF4AF /* FOXViewToppageEvent.h in Headers */ = {isa = PBXBuildFile; fileRef = B86FA1011D586D3100CAF4AF /* FOXViewToppageEvent.h */; settings = {ATTRIBUTES = (Public, ); }; };
		B86FA12B1D586D3100CAF4AF /* FOXViewToppageEvent.m in Sources */ = {isa = PBXBuildFile; fileRef = B86FA1021D586D3100CAF4AF /* FOXViewToppageEvent.m */; };
		B86FA12C1D586D3100CAF4AF /* FOXViewToppageEvent.m in Sources */ = {isa = PBXBuildFile; fileRef = B86FA1021D586D3100CAF4AF /* FOXViewToppageEvent.m */; };
/* End PBXBuildFile section */

/* Begin PBXFileReference section */
		0325AE4CE4FAA84405AB7F5F /* libPods-FOXExtension.a */ = {isa = PBXFileReference; explicitFileType = archive.ar; includeInIndex = 0; path = "libPods-FOXExtension.a"; sourceTree = BUILT_PRODUCTS_DIR; };
		08244C96DE129ACD0B8C719E /* Pods-FOXExtension.debug.xcconfig */ = {isa = PBXFileReference; includeInIndex = 1; lastKnownFileType = text.xcconfig; name = "Pods-FOXExtension.debug.xcconfig"; path = "Pods/Target Support Files/Pods-FOXExtension/Pods-FOXExtension.debug.xcconfig"; sourceTree = "<group>"; };
		B80752E51D421E6D00A80949 /* FOXExtension.framework */ = {isa = PBXFileReference; explicitFileType = wrapper.framework; includeInIndex = 0; path = FOXExtension.framework; sourceTree = BUILT_PRODUCTS_DIR; };
		B80752E81D421E6D00A80949 /* FOXExtension.h */ = {isa = PBXFileReference; lastKnownFileType = sourcecode.c.h; path = FOXExtension.h; sourceTree = "<group>"; };
		B80752E91D421E6D00A80949 /* Info.plist */ = {isa = PBXFileReference; lastKnownFileType = text.plist.xml; path = Info.plist; sourceTree = "<group>"; };
		B807531B1D4227C200A80949 /* StoreKit.framework */ = {isa = PBXFileReference; lastKnownFileType = wrapper.framework; name = StoreKit.framework; path = System/Library/Frameworks/StoreKit.framework; sourceTree = SDKROOT; };
		B81B88E01D46181400A62C59 /* FOXExtension.framework */ = {isa = PBXFileReference; explicitFileType = wrapper.framework; includeInIndex = 0; path = FOXExtension.framework; sourceTree = BUILT_PRODUCTS_DIR; };
		B835717D1D5DB54F00EB528B /* CYZAdCommon.framework */ = {isa = PBXFileReference; lastKnownFileType = wrapper.framework; name = CYZAdCommon.framework; path = Carthage/Build/iOS/CYZAdCommon.framework; sourceTree = "<group>"; };
		B835717E1D5DB54F00EB528B /* CYZUtil.framework */ = {isa = PBXFileReference; lastKnownFileType = wrapper.framework; name = CYZUtil.framework; path = Carthage/Build/iOS/CYZUtil.framework; sourceTree = "<group>"; };
		B835717F1D5DB54F00EB528B /* FOXSDK.framework */ = {isa = PBXFileReference; lastKnownFileType = wrapper.framework; name = FOXSDK.framework; path = Carthage/Build/iOS/FOXSDK.framework; sourceTree = "<group>"; };
		B86FA0EE1D586D3100CAF4AF /* FOXExtensionBaseEvent.h */ = {isa = PBXFileReference; fileEncoding = 4; lastKnownFileType = sourcecode.c.h; path = FOXExtensionBaseEvent.h; sourceTree = "<group>"; };
		B86FA0EF1D586D3100CAF4AF /* FOXExtensionBaseEvent.m */ = {isa = PBXFileReference; fileEncoding = 4; lastKnownFileType = sourcecode.c.objc; path = FOXExtensionBaseEvent.m; sourceTree = "<group>"; };
		B86FA0F01D586D3100CAF4AF /* FOXExtensionProtocols.h */ = {isa = PBXFileReference; fileEncoding = 4; lastKnownFileType = sourcecode.c.h; path = FOXExtensionProtocols.h; sourceTree = "<group>"; };
		B86FA0F11D586D3100CAF4AF /* FOXAddToCartEvent.h */ = {isa = PBXFileReference; fileEncoding = 4; lastKnownFileType = sourcecode.c.h; path = FOXAddToCartEvent.h; sourceTree = "<group>"; };
		B86FA0F21D586D3100CAF4AF /* FOXAddToCartEvent.m */ = {isa = PBXFileReference; fileEncoding = 4; lastKnownFileType = sourcecode.c.objc; path = FOXAddToCartEvent.m; sourceTree = "<group>"; };
		B86FA0F31D586D3100CAF4AF /* FOXLevelAchievedEvent.h */ = {isa = PBXFileReference; fileEncoding = 4; lastKnownFileType = sourcecode.c.h; path = FOXLevelAchievedEvent.h; sourceTree = "<group>"; };
		B86FA0F41D586D3100CAF4AF /* FOXLevelAchievedEvent.m */ = {isa = PBXFileReference; fileEncoding = 4; lastKnownFileType = sourcecode.c.objc; path = FOXLevelAchievedEvent.m; sourceTree = "<group>"; };
		B86FA0F51D586D3100CAF4AF /* FOXPurchaseEvent.h */ = {isa = PBXFileReference; fileEncoding = 4; lastKnownFileType = sourcecode.c.h; path = FOXPurchaseEvent.h; sourceTree = "<group>"; };
		B86FA0F61D586D3100CAF4AF /* FOXPurchaseEvent.m */ = {isa = PBXFileReference; fileEncoding = 4; lastKnownFileType = sourcecode.c.objc; path = FOXPurchaseEvent.m; sourceTree = "<group>"; };
		B86FA0F71D586D3100CAF4AF /* FOXSearchEvent.h */ = {isa = PBXFileReference; fileEncoding = 4; lastKnownFileType = sourcecode.c.h; path = FOXSearchEvent.h; sourceTree = "<group>"; };
		B86FA0F81D586D3100CAF4AF /* FOXSearchEvent.m */ = {isa = PBXFileReference; fileEncoding = 4; lastKnownFileType = sourcecode.c.objc; path = FOXSearchEvent.m; sourceTree = "<group>"; };
		B86FA0F91D586D3100CAF4AF /* FOXTutorialEvent.h */ = {isa = PBXFileReference; fileEncoding = 4; lastKnownFileType = sourcecode.c.h; path = FOXTutorialEvent.h; sourceTree = "<group>"; };
		B86FA0FA1D586D3100CAF4AF /* FOXTutorialEvent.m */ = {isa = PBXFileReference; fileEncoding = 4; lastKnownFileType = sourcecode.c.objc; path = FOXTutorialEvent.m; sourceTree = "<group>"; };
		B86FA0FB1D586D3100CAF4AF /* FOXViewCategoryEvent.h */ = {isa = PBXFileReference; fileEncoding = 4; lastKnownFileType = sourcecode.c.h; path = FOXViewCategoryEvent.h; sourceTree = "<group>"; };
		B86FA0FC1D586D3100CAF4AF /* FOXViewCategoryEvent.m */ = {isa = PBXFileReference; fileEncoding = 4; lastKnownFileType = sourcecode.c.objc; path = FOXViewCategoryEvent.m; sourceTree = "<group>"; };
		B86FA0FD1D586D3100CAF4AF /* FOXViewContentEvent.h */ = {isa = PBXFileReference; fileEncoding = 4; lastKnownFileType = sourcecode.c.h; path = FOXViewContentEvent.h; sourceTree = "<group>"; };
		B86FA0FE1D586D3100CAF4AF /* FOXViewContentEvent.m */ = {isa = PBXFileReference; fileEncoding = 4; lastKnownFileType = sourcecode.c.objc; path = FOXViewContentEvent.m; sourceTree = "<group>"; };
		B86FA0FF1D586D3100CAF4AF /* FOXViewListingEvent.h */ = {isa = PBXFileReference; fileEncoding = 4; lastKnownFileType = sourcecode.c.h; path = FOXViewListingEvent.h; sourceTree = "<group>"; };
		B86FA1001D586D3100CAF4AF /* FOXViewListingEvent.m */ = {isa = PBXFileReference; fileEncoding = 4; lastKnownFileType = sourcecode.c.objc; path = FOXViewListingEvent.m; sourceTree = "<group>"; };
		B86FA1011D586D3100CAF4AF /* FOXViewToppageEvent.h */ = {isa = PBXFileReference; fileEncoding = 4; lastKnownFileType = sourcecode.c.h; path = FOXViewToppageEvent.h; sourceTree = "<group>"; };
		B86FA1021D586D3100CAF4AF /* FOXViewToppageEvent.m */ = {isa = PBXFileReference; fileEncoding = 4; lastKnownFileType = sourcecode.c.objc; path = FOXViewToppageEvent.m; sourceTree = "<group>"; };
		E3A7F267655076CCDF6E47C9 /* Pods-FOXExtension.release.xcconfig */ = {isa = PBXFileReference; includeInIndex = 1; lastKnownFileType = text.xcconfig; name = "Pods-FOXExtension.release.xcconfig"; path = "Pods/Target Support Files/Pods-FOXExtension/Pods-FOXExtension.release.xcconfig"; sourceTree = "<group>"; };
/* End PBXFileReference section */

/* Begin PBXFrameworksBuildPhase section */
		B80752E11D421E6D00A80949 /* Frameworks */ = {
			isa = PBXFrameworksBuildPhase;
			buildActionMask = 2147483647;
			files = (
				10CC5C5D46A68B556B03EB96 /* libPods-FOXExtension.a in Frameworks */,
			);
			runOnlyForDeploymentPostprocessing = 0;
		};
		B81B88DC1D46181400A62C59 /* Frameworks */ = {
			isa = PBXFrameworksBuildPhase;
			buildActionMask = 2147483647;
			files = (
				B83571801D5DB54F00EB528B /* CYZAdCommon.framework in Frameworks */,
				B83571811D5DB54F00EB528B /* CYZUtil.framework in Frameworks */,
				B83571821D5DB54F00EB528B /* FOXSDK.framework in Frameworks */,
			);
			runOnlyForDeploymentPostprocessing = 0;
		};
/* End PBXFrameworksBuildPhase section */

/* Begin PBXGroup section */
		83BCD93D84717E6506302AB6 /* Pods */ = {
			isa = PBXGroup;
			children = (
				08244C96DE129ACD0B8C719E /* Pods-FOXExtension.debug.xcconfig */,
				E3A7F267655076CCDF6E47C9 /* Pods-FOXExtension.release.xcconfig */,
			);
			name = Pods;
			sourceTree = "<group>";
		};
		B80752DB1D421E6D00A80949 = {
			isa = PBXGroup;
			children = (
				B80752E71D421E6D00A80949 /* FOXExtension */,
				B80752E61D421E6D00A80949 /* Products */,
				B807531A1D4227C200A80949 /* Frameworks */,
				83BCD93D84717E6506302AB6 /* Pods */,
			);
			sourceTree = "<group>";
		};
		B80752E61D421E6D00A80949 /* Products */ = {
			isa = PBXGroup;
			children = (
				B80752E51D421E6D00A80949 /* FOXExtension.framework */,
				B81B88E01D46181400A62C59 /* FOXExtension.framework */,
			);
			name = Products;
			sourceTree = "<group>";
		};
		B80752E71D421E6D00A80949 /* FOXExtension */ = {
			isa = PBXGroup;
			children = (
				B86FA0EC1D586D3100CAF4AF /* Events */,
				B80752E81D421E6D00A80949 /* FOXExtension.h */,
				B80752E91D421E6D00A80949 /* Info.plist */,
			);
			path = FOXExtension;
			sourceTree = "<group>";
		};
		B807531A1D4227C200A80949 /* Frameworks */ = {
			isa = PBXGroup;
			children = (
				B835717D1D5DB54F00EB528B /* CYZAdCommon.framework */,
				B835717E1D5DB54F00EB528B /* CYZUtil.framework */,
				B835717F1D5DB54F00EB528B /* FOXSDK.framework */,
				B807531B1D4227C200A80949 /* StoreKit.framework */,
				0325AE4CE4FAA84405AB7F5F /* libPods-FOXExtension.a */,
			);
			name = Frameworks;
			sourceTree = "<group>";
		};
		B86FA0EC1D586D3100CAF4AF /* Events */ = {
			isa = PBXGroup;
			children = (
				B86FA0ED1D586D3100CAF4AF /* Base */,
				B86FA0F11D586D3100CAF4AF /* FOXAddToCartEvent.h */,
				B86FA0F21D586D3100CAF4AF /* FOXAddToCartEvent.m */,
				B86FA0F31D586D3100CAF4AF /* FOXLevelAchievedEvent.h */,
				B86FA0F41D586D3100CAF4AF /* FOXLevelAchievedEvent.m */,
				B86FA0F51D586D3100CAF4AF /* FOXPurchaseEvent.h */,
				B86FA0F61D586D3100CAF4AF /* FOXPurchaseEvent.m */,
				B86FA0F71D586D3100CAF4AF /* FOXSearchEvent.h */,
				B86FA0F81D586D3100CAF4AF /* FOXSearchEvent.m */,
				B86FA0F91D586D3100CAF4AF /* FOXTutorialEvent.h */,
				B86FA0FA1D586D3100CAF4AF /* FOXTutorialEvent.m */,
				B86FA0FB1D586D3100CAF4AF /* FOXViewCategoryEvent.h */,
				B86FA0FC1D586D3100CAF4AF /* FOXViewCategoryEvent.m */,
				B86FA0FD1D586D3100CAF4AF /* FOXViewContentEvent.h */,
				B86FA0FE1D586D3100CAF4AF /* FOXViewContentEvent.m */,
				B86FA0FF1D586D3100CAF4AF /* FOXViewListingEvent.h */,
				B86FA1001D586D3100CAF4AF /* FOXViewListingEvent.m */,
				B86FA1011D586D3100CAF4AF /* FOXViewToppageEvent.h */,
				B86FA1021D586D3100CAF4AF /* FOXViewToppageEvent.m */,
			);
			path = Events;
			sourceTree = "<group>";
		};
		B86FA0ED1D586D3100CAF4AF /* Base */ = {
			isa = PBXGroup;
			children = (
				B86FA0EE1D586D3100CAF4AF /* FOXExtensionBaseEvent.h */,
				B86FA0EF1D586D3100CAF4AF /* FOXExtensionBaseEvent.m */,
				B86FA0F01D586D3100CAF4AF /* FOXExtensionProtocols.h */,
			);
			path = Base;
			sourceTree = "<group>";
		};
/* End PBXGroup section */

/* Begin PBXHeadersBuildPhase section */
		B80752E21D421E6D00A80949 /* Headers */ = {
			isa = PBXHeadersBuildPhase;
			buildActionMask = 2147483647;
			files = (
				B86FA1211D586D3100CAF4AF /* FOXViewContentEvent.h in Headers */,
				B86FA1031D586D3100CAF4AF /* FOXExtensionBaseEvent.h in Headers */,
				B86FA1071D586D3100CAF4AF /* FOXExtensionProtocols.h in Headers */,
				B86FA1151D586D3100CAF4AF /* FOXSearchEvent.h in Headers */,
				B86FA1191D586D3100CAF4AF /* FOXTutorialEvent.h in Headers */,
				B86FA1091D586D3100CAF4AF /* FOXAddToCartEvent.h in Headers */,
				B80752EA1D421E6D00A80949 /* FOXExtension.h in Headers */,
				B86FA1111D586D3100CAF4AF /* FOXPurchaseEvent.h in Headers */,
				B86FA1251D586D3100CAF4AF /* FOXViewListingEvent.h in Headers */,
				B86FA1291D586D3100CAF4AF /* FOXViewToppageEvent.h in Headers */,
				B86FA10D1D586D3100CAF4AF /* FOXLevelAchievedEvent.h in Headers */,
				B86FA11D1D586D3100CAF4AF /* FOXViewCategoryEvent.h in Headers */,
			);
			runOnlyForDeploymentPostprocessing = 0;
		};
		B81B88DD1D46181400A62C59 /* Headers */ = {
			isa = PBXHeadersBuildPhase;
			buildActionMask = 2147483647;
			files = (
				B86FA1221D586D3100CAF4AF /* FOXViewContentEvent.h in Headers */,
				B86FA1041D586D3100CAF4AF /* FOXExtensionBaseEvent.h in Headers */,
				B86FA1081D586D3100CAF4AF /* FOXExtensionProtocols.h in Headers */,
				B86FA1161D586D3100CAF4AF /* FOXSearchEvent.h in Headers */,
				B86FA11A1D586D3100CAF4AF /* FOXTutorialEvent.h in Headers */,
				B86FA10A1D586D3100CAF4AF /* FOXAddToCartEvent.h in Headers */,
				B81B88E81D46188400A62C59 /* FOXExtension.h in Headers */,
				B86FA1121D586D3100CAF4AF /* FOXPurchaseEvent.h in Headers */,
				B86FA1261D586D3100CAF4AF /* FOXViewListingEvent.h in Headers */,
				B86FA12A1D586D3100CAF4AF /* FOXViewToppageEvent.h in Headers */,
				B86FA10E1D586D3100CAF4AF /* FOXLevelAchievedEvent.h in Headers */,
				B86FA11E1D586D3100CAF4AF /* FOXViewCategoryEvent.h in Headers */,
			);
			runOnlyForDeploymentPostprocessing = 0;
		};
/* End PBXHeadersBuildPhase section */

/* Begin PBXNativeTarget section */
		B80752E41D421E6D00A80949 /* FOXExtension */ = {
			isa = PBXNativeTarget;
			buildConfigurationList = B80752ED1D421E6D00A80949 /* Build configuration list for PBXNativeTarget "FOXExtension" */;
			buildPhases = (
				0A43A8D50545D5201667E692 /* [CP] Check Pods Manifest.lock */,
				B80752E01D421E6D00A80949 /* Sources */,
				B80752E11D421E6D00A80949 /* Frameworks */,
				B80752E21D421E6D00A80949 /* Headers */,
				B80752E31D421E6D00A80949 /* Resources */,
				3A6E19ACE764E077B837216F /* [CP] Copy Pods Resources */,
			);
			buildRules = (
			);
			dependencies = (
			);
			name = FOXExtension;
			productName = FOXExtension;
			productReference = B80752E51D421E6D00A80949 /* FOXExtension.framework */;
			productType = "com.apple.product-type.framework";
		};
		B81B88DF1D46181400A62C59 /* FOXExtensionDy */ = {
			isa = PBXNativeTarget;
			buildConfigurationList = B81B88E51D46181400A62C59 /* Build configuration list for PBXNativeTarget "FOXExtensionDy" */;
			buildPhases = (
				B81B88DB1D46181400A62C59 /* Sources */,
				B81B88DC1D46181400A62C59 /* Frameworks */,
				B81B88DD1D46181400A62C59 /* Headers */,
				B81B88DE1D46181400A62C59 /* Resources */,
			);
			buildRules = (
			);
			dependencies = (
			);
			name = FOXExtensionDy;
			productName = FOXExtensionDy;
			productReference = B81B88E01D46181400A62C59 /* FOXExtension.framework */;
			productType = "com.apple.product-type.framework";
		};
/* End PBXNativeTarget section */

/* Begin PBXProject section */
		B80752DC1D421E6D00A80949 /* Project object */ = {
			isa = PBXProject;
			attributes = {
				LastUpgradeCheck = 0800;
				ORGANIZATIONNAME = CyberZ;
				TargetAttributes = {
					B80752E41D421E6D00A80949 = {
						CreatedOnToolsVersion = 8.0;
						DevelopmentTeam = DUP2JGEFH3;
						DevelopmentTeamName = "TAKAHIRO YAMAUCHI";
						ProvisioningStyle = Automatic;
					};
					B81B88DF1D46181400A62C59 = {
						CreatedOnToolsVersion = 7.3.1;
					};
				};
			};
			buildConfigurationList = B80752DF1D421E6D00A80949 /* Build configuration list for PBXProject "FOXExtension" */;
			compatibilityVersion = "Xcode 3.2";
			developmentRegion = English;
			hasScannedForEncodings = 0;
			knownRegions = (
				en,
			);
			mainGroup = B80752DB1D421E6D00A80949;
			productRefGroup = B80752E61D421E6D00A80949 /* Products */;
			projectDirPath = "";
			projectRoot = "";
			targets = (
				B80752E41D421E6D00A80949 /* FOXExtension */,
				B81B88DF1D46181400A62C59 /* FOXExtensionDy */,
			);
		};
/* End PBXProject section */

/* Begin PBXResourcesBuildPhase section */
		B80752E31D421E6D00A80949 /* Resources */ = {
			isa = PBXResourcesBuildPhase;
			buildActionMask = 2147483647;
			files = (
			);
			runOnlyForDeploymentPostprocessing = 0;
		};
		B81B88DE1D46181400A62C59 /* Resources */ = {
			isa = PBXResourcesBuildPhase;
			buildActionMask = 2147483647;
			files = (
			);
			runOnlyForDeploymentPostprocessing = 0;
		};
/* End PBXResourcesBuildPhase section */

/* Begin PBXShellScriptBuildPhase section */
		0A43A8D50545D5201667E692 /* [CP] Check Pods Manifest.lock */ = {
			isa = PBXShellScriptBuildPhase;
			buildActionMask = 2147483647;
			files = (
			);
			inputPaths = (
			);
			name = "[CP] Check Pods Manifest.lock";
			outputPaths = (
			);
			runOnlyForDeploymentPostprocessing = 0;
			shellPath = /bin/sh;
			shellScript = "diff \"${PODS_ROOT}/../Podfile.lock\" \"${PODS_ROOT}/Manifest.lock\" > /dev/null\nif [[ $? != 0 ]] ; then\n    cat << EOM\nerror: The sandbox is not in sync with the Podfile.lock. Run 'pod install' or update your CocoaPods installation.\nEOM\n    exit 1\nfi\n";
			showEnvVarsInLog = 0;
		};
		3A6E19ACE764E077B837216F /* [CP] Copy Pods Resources */ = {
			isa = PBXShellScriptBuildPhase;
			buildActionMask = 2147483647;
			files = (
			);
			inputPaths = (
			);
			name = "[CP] Copy Pods Resources";
			outputPaths = (
			);
			runOnlyForDeploymentPostprocessing = 0;
			shellPath = /bin/sh;
			shellScript = "\"${SRCROOT}/Pods/Target Support Files/Pods-FOXExtension/Pods-FOXExtension-resources.sh\"\n";
			showEnvVarsInLog = 0;
		};
/* End PBXShellScriptBuildPhase section */

/* Begin PBXSourcesBuildPhase section */
		B80752E01D421E6D00A80949 /* Sources */ = {
			isa = PBXSourcesBuildPhase;
			buildActionMask = 2147483647;
			files = (
				B86FA11B1D586D3100CAF4AF /* FOXTutorialEvent.m in Sources */,
				B86FA1051D586D3100CAF4AF /* FOXExtensionBaseEvent.m in Sources */,
				B86FA10F1D586D3100CAF4AF /* FOXLevelAchievedEvent.m in Sources */,
				B86FA1171D586D3100CAF4AF /* FOXSearchEvent.m in Sources */,
				B86FA10B1D586D3100CAF4AF /* FOXAddToCartEvent.m in Sources */,
				B86FA1271D586D3100CAF4AF /* FOXViewListingEvent.m in Sources */,
				B86FA1231D586D3100CAF4AF /* FOXViewContentEvent.m in Sources */,
				B86FA11F1D586D3100CAF4AF /* FOXViewCategoryEvent.m in Sources */,
				B86FA12B1D586D3100CAF4AF /* FOXViewToppageEvent.m in Sources */,
				B86FA1131D586D3100CAF4AF /* FOXPurchaseEvent.m in Sources */,
			);
			runOnlyForDeploymentPostprocessing = 0;
		};
		B81B88DB1D46181400A62C59 /* Sources */ = {
			isa = PBXSourcesBuildPhase;
			buildActionMask = 2147483647;
			files = (
				B86FA11C1D586D3100CAF4AF /* FOXTutorialEvent.m in Sources */,
				B86FA1061D586D3100CAF4AF /* FOXExtensionBaseEvent.m in Sources */,
				B86FA1101D586D3100CAF4AF /* FOXLevelAchievedEvent.m in Sources */,
				B86FA1181D586D3100CAF4AF /* FOXSearchEvent.m in Sources */,
				B86FA10C1D586D3100CAF4AF /* FOXAddToCartEvent.m in Sources */,
				B86FA1281D586D3100CAF4AF /* FOXViewListingEvent.m in Sources */,
				B86FA1241D586D3100CAF4AF /* FOXViewContentEvent.m in Sources */,
				B86FA1201D586D3100CAF4AF /* FOXViewCategoryEvent.m in Sources */,
				B86FA12C1D586D3100CAF4AF /* FOXViewToppageEvent.m in Sources */,
				B86FA1141D586D3100CAF4AF /* FOXPurchaseEvent.m in Sources */,
			);
			runOnlyForDeploymentPostprocessing = 0;
		};
/* End PBXSourcesBuildPhase section */

/* Begin XCBuildConfiguration section */
		B80752EB1D421E6D00A80949 /* Debug */ = {
			isa = XCBuildConfiguration;
			buildSettings = {
				ALWAYS_SEARCH_USER_PATHS = NO;
				CLANG_ANALYZER_NONNULL = YES;
				CLANG_CXX_LANGUAGE_STANDARD = "gnu++0x";
				CLANG_CXX_LIBRARY = "libc++";
				CLANG_ENABLE_MODULES = YES;
				CLANG_ENABLE_OBJC_ARC = YES;
				CLANG_WARN_BOOL_CONVERSION = YES;
				CLANG_WARN_CONSTANT_CONVERSION = YES;
				CLANG_WARN_DIRECT_OBJC_ISA_USAGE = YES_ERROR;
				CLANG_WARN_DOCUMENTATION_COMMENTS = YES;
				CLANG_WARN_EMPTY_BODY = YES;
				CLANG_WARN_ENUM_CONVERSION = YES;
				CLANG_WARN_INT_CONVERSION = YES;
				CLANG_WARN_OBJC_ROOT_CLASS = YES_ERROR;
				CLANG_WARN_UNREACHABLE_CODE = YES;
				CLANG_WARN__DUPLICATE_METHOD_MATCH = YES;
				"CODE_SIGN_IDENTITY[sdk=iphoneos*]" = "iPhone Developer";
				COPY_PHASE_STRIP = NO;
				CURRENT_PROJECT_VERSION = 1;
				DEBUG_INFORMATION_FORMAT = dwarf;
				ENABLE_STRICT_OBJC_MSGSEND = YES;
				ENABLE_TESTABILITY = YES;
				GCC_C_LANGUAGE_STANDARD = gnu99;
				GCC_DYNAMIC_NO_PIC = NO;
				GCC_NO_COMMON_BLOCKS = YES;
				GCC_OPTIMIZATION_LEVEL = 0;
				GCC_PREPROCESSOR_DEFINITIONS = (
					"DEBUG=1",
					"$(inherited)",
				);
				GCC_WARN_64_TO_32_BIT_CONVERSION = YES;
				GCC_WARN_ABOUT_RETURN_TYPE = YES_ERROR;
				GCC_WARN_UNDECLARED_SELECTOR = YES;
				GCC_WARN_UNINITIALIZED_AUTOS = YES_AGGRESSIVE;
				GCC_WARN_UNUSED_FUNCTION = YES;
				GCC_WARN_UNUSED_VARIABLE = YES;
				IPHONEOS_DEPLOYMENT_TARGET = 10.0;
				MTL_ENABLE_DEBUG_INFO = YES;
				ONLY_ACTIVE_ARCH = YES;
				SDKROOT = iphoneos;
				TARGETED_DEVICE_FAMILY = "1,2";
				VERSIONING_SYSTEM = "apple-generic";
				VERSION_INFO_PREFIX = "";
			};
			name = Debug;
		};
		B80752EC1D421E6D00A80949 /* Release */ = {
			isa = XCBuildConfiguration;
			buildSettings = {
				ALWAYS_SEARCH_USER_PATHS = NO;
				CLANG_ANALYZER_NONNULL = YES;
				CLANG_CXX_LANGUAGE_STANDARD = "gnu++0x";
				CLANG_CXX_LIBRARY = "libc++";
				CLANG_ENABLE_MODULES = YES;
				CLANG_ENABLE_OBJC_ARC = YES;
				CLANG_WARN_BOOL_CONVERSION = YES;
				CLANG_WARN_CONSTANT_CONVERSION = YES;
				CLANG_WARN_DIRECT_OBJC_ISA_USAGE = YES_ERROR;
				CLANG_WARN_DOCUMENTATION_COMMENTS = YES;
				CLANG_WARN_EMPTY_BODY = YES;
				CLANG_WARN_ENUM_CONVERSION = YES;
				CLANG_WARN_INT_CONVERSION = YES;
				CLANG_WARN_OBJC_ROOT_CLASS = YES_ERROR;
				CLANG_WARN_UNREACHABLE_CODE = YES;
				CLANG_WARN__DUPLICATE_METHOD_MATCH = YES;
				"CODE_SIGN_IDENTITY[sdk=iphoneos*]" = "iPhone Developer";
				COPY_PHASE_STRIP = NO;
				CURRENT_PROJECT_VERSION = 1;
				DEBUG_INFORMATION_FORMAT = "dwarf-with-dsym";
				ENABLE_NS_ASSERTIONS = NO;
				ENABLE_STRICT_OBJC_MSGSEND = YES;
				GCC_C_LANGUAGE_STANDARD = gnu99;
				GCC_NO_COMMON_BLOCKS = YES;
				GCC_WARN_64_TO_32_BIT_CONVERSION = YES;
				GCC_WARN_ABOUT_RETURN_TYPE = YES_ERROR;
				GCC_WARN_UNDECLARED_SELECTOR = YES;
				GCC_WARN_UNINITIALIZED_AUTOS = YES_AGGRESSIVE;
				GCC_WARN_UNUSED_FUNCTION = YES;
				GCC_WARN_UNUSED_VARIABLE = YES;
				IPHONEOS_DEPLOYMENT_TARGET = 10.0;
				MTL_ENABLE_DEBUG_INFO = NO;
				SDKROOT = iphoneos;
				TARGETED_DEVICE_FAMILY = "1,2";
				VALIDATE_PRODUCT = YES;
				VERSIONING_SYSTEM = "apple-generic";
				VERSION_INFO_PREFIX = "";
			};
			name = Release;
		};
		B80752EE1D421E6D00A80949 /* Debug */ = {
			isa = XCBuildConfiguration;
			baseConfigurationReference = 08244C96DE129ACD0B8C719E /* Pods-FOXExtension.debug.xcconfig */;
			buildSettings = {
				CODE_SIGN_IDENTITY = "iPhone Developer";
				DEFINES_MODULE = YES;
				DYLIB_COMPATIBILITY_VERSION = 1;
				DYLIB_CURRENT_VERSION = 1;
				DYLIB_INSTALL_NAME_BASE = "@rpath";
				FRAMEWORK_SEARCH_PATHS = "$(inherited)";
				INFOPLIST_FILE = FOXExtension/Info.plist;
				INSTALL_PATH = "$(LOCAL_LIBRARY_DIR)/Frameworks";
				IPHONEOS_DEPLOYMENT_TARGET = 7.0;
				LD_RUNPATH_SEARCH_PATHS = "$(inherited) @executable_path/Frameworks @loader_path/Frameworks";
				MACH_O_TYPE = staticlib;
				PRODUCT_BUNDLE_IDENTIFIER = cz.FOXExtension;
				PRODUCT_NAME = "$(TARGET_NAME)";
				SKIP_INSTALL = YES;
			};
			name = Debug;
		};
		B80752EF1D421E6D00A80949 /* Release */ = {
			isa = XCBuildConfiguration;
			baseConfigurationReference = E3A7F267655076CCDF6E47C9 /* Pods-FOXExtension.release.xcconfig */;
			buildSettings = {
				CODE_SIGN_IDENTITY = "iPhone Developer";
				DEFINES_MODULE = YES;
				DYLIB_COMPATIBILITY_VERSION = 1;
				DYLIB_CURRENT_VERSION = 1;
				DYLIB_INSTALL_NAME_BASE = "@rpath";
				FRAMEWORK_SEARCH_PATHS = "$(inherited)";
				INFOPLIST_FILE = FOXExtension/Info.plist;
				INSTALL_PATH = "$(LOCAL_LIBRARY_DIR)/Frameworks";
				IPHONEOS_DEPLOYMENT_TARGET = 7.0;
				LD_RUNPATH_SEARCH_PATHS = "$(inherited) @executable_path/Frameworks @loader_path/Frameworks";
				MACH_O_TYPE = staticlib;
				PRODUCT_BUNDLE_IDENTIFIER = cz.FOXExtension;
				PRODUCT_NAME = "$(TARGET_NAME)";
				SKIP_INSTALL = YES;
			};
			name = Release;
		};
		B81B88E61D46181400A62C59 /* Debug */ = {
			isa = XCBuildConfiguration;
			buildSettings = {
				DEFINES_MODULE = YES;
				DYLIB_COMPATIBILITY_VERSION = 1;
				DYLIB_CURRENT_VERSION = 1;
				DYLIB_INSTALL_NAME_BASE = "@rpath";
				FRAMEWORK_SEARCH_PATHS = (
					"$(inherited)",
					"$(PROJECT_DIR)/Carthage/Build/iOS",
				);
				INFOPLIST_FILE = FOXExtension/Info.plist;
				INSTALL_PATH = "$(LOCAL_LIBRARY_DIR)/Frameworks";
				IPHONEOS_DEPLOYMENT_TARGET = 8.0;
				LD_RUNPATH_SEARCH_PATHS = "$(inherited) @executable_path/Frameworks @loader_path/Frameworks";
				LIBRARY_SEARCH_PATHS = "";
				PRODUCT_BUNDLE_IDENTIFIER = cz.FOXExtensionDy;
				PRODUCT_NAME = FOXExtension;
				SKIP_INSTALL = YES;
			};
			name = Debug;
		};
		B81B88E71D46181400A62C59 /* Release */ = {
			isa = XCBuildConfiguration;
			buildSettings = {
				DEFINES_MODULE = YES;
				DYLIB_COMPATIBILITY_VERSION = 1;
				DYLIB_CURRENT_VERSION = 1;
				DYLIB_INSTALL_NAME_BASE = "@rpath";
				FRAMEWORK_SEARCH_PATHS = (
					"$(inherited)",
					"$(PROJECT_DIR)/Carthage/Build/iOS",
				);
				INFOPLIST_FILE = FOXExtension/Info.plist;
				INSTALL_PATH = "$(LOCAL_LIBRARY_DIR)/Frameworks";
				IPHONEOS_DEPLOYMENT_TARGET = 8.0;
				LD_RUNPATH_SEARCH_PATHS = "$(inherited) @executable_path/Frameworks @loader_path/Frameworks";
				LIBRARY_SEARCH_PATHS = "";
				PRODUCT_BUNDLE_IDENTIFIER = cz.FOXExtensionDy;
				PRODUCT_NAME = FOXExtension;
				SKIP_INSTALL = YES;
			};
			name = Release;
		};
/* End XCBuildConfiguration section */

/* Begin XCConfigurationList section */
		B80752DF1D421E6D00A80949 /* Build configuration list for PBXProject "FOXExtension" */ = {
			isa = XCConfigurationList;
			buildConfigurations = (
				B80752EB1D421E6D00A80949 /* Debug */,
				B80752EC1D421E6D00A80949 /* Release */,
			);
			defaultConfigurationIsVisible = 0;
			defaultConfigurationName = Release;
		};
		B80752ED1D421E6D00A80949 /* Build configuration list for PBXNativeTarget "FOXExtension" */ = {
			isa = XCConfigurationList;
			buildConfigurations = (
				B80752EE1D421E6D00A80949 /* Debug */,
				B80752EF1D421E6D00A80949 /* Release */,
			);
			defaultConfigurationIsVisible = 0;
			defaultConfigurationName = Release;
		};
		B81B88E51D46181400A62C59 /* Build configuration list for PBXNativeTarget "FOXExtensionDy" */ = {
			isa = XCConfigurationList;
			buildConfigurations = (
				B81B88E61D46181400A62C59 /* Debug */,
				B81B88E71D46181400A62C59 /* Release */,
			);
			defaultConfigurationIsVisible = 0;
			defaultConfigurationName = Release;
		};
/* End XCConfigurationList section */
	};
	rootObject = B80752DC1D421E6D00A80949 /* Project object */;
}
